{
  "name": "spells",
  "version": "1.0.0",
  "lockfileVersion": 2,
  "requires": true,
  "packages": {
    "": {
      "name": "spells",
      "version": "1.0.0",
      "license": "ISC",
      "dependencies": {
        "@fluencelabs/installation-spell": "file:/Users/folex/Development/fluencelabs/spell/src/aqua/installation-spell",
        "@fluencelabs/spell": "unstable"
      }
    },
    "../../fluencelabs/spell/src/aqua/installation-spell": {
      "version": "0.5.13",
      "license": "Apache-2.0",
      "workspaces": [
        "../spell"
      ],
      "dependencies": {
        "@fluencelabs/aqua-ipfs": "0.5.11",
        "@fluencelabs/aqua-lib": "0.7.0",
        "@fluencelabs/registry": "0.8.6",
        "@fluencelabs/spell": "0.5.13"
      },
      "devDependencies": {
        "@fluencelabs/cli": "0.4.8"
      }
    },
    "node_modules/@fluencelabs/installation-spell": {
      "resolved": "../../fluencelabs/spell/src/aqua/installation-spell",
      "link": true
    },
    "node_modules/@fluencelabs/spell": {
      "version": "0.5.13",
      "resolved": "https://registry.npmjs.org/@fluencelabs/spell/-/spell-0.5.13.tgz",
      "integrity": "sha512-6zM2Nn6GQBQevAYPxiEaWF3+QzzI32Z/WqPKWzvM7cS80YC8OvI0AfnNV6oWUa9DK3qEluRiVGgd2m53SSnWPA=="
    }
  },
  "dependencies": {
    "@fluencelabs/installation-spell": {
      "version": "file:../../fluencelabs/spell/src/aqua/installation-spell",
      "requires": {
        "@fluencelabs/aqua-ipfs": "0.5.11",
        "@fluencelabs/aqua-lib": "0.7.0",
        "@fluencelabs/cli": "0.4.8",
        "@fluencelabs/registry": "0.8.6",
        "@fluencelabs/spell": "0.5.13"
      }
    },
    "@fluencelabs/spell": {
      "version": "0.5.13",
      "resolved": "https://registry.npmjs.org/@fluencelabs/spell/-/spell-0.5.13.tgz",
      "integrity": "sha512-6zM2Nn6GQBQevAYPxiEaWF3+QzzI32Z/WqPKWzvM7cS80YC8OvI0AfnNV6oWUa9DK3qEluRiVGgd2m53SSnWPA=="
    }
  }
}
